
Microsoft Visual Studio Solution File, Format Version 12.00
# Visual Studio Version 17
VisualStudioVersion = 17.11.35312.102
MinimumVisualStudioVersion = 10.0.40219.1
Project("{FAE04EC0-301F-11D3-BF4B-00C04F79EFBC}") = "Week8FunctionsWithReturn", "Week8FunctionsWithReturn\Week8FunctionsWithReturn.csproj", "{7E972624-A1EE-42DA-BD5B-FF90E95EFA3C}"
EndProject
Global
	GlobalSection(SolutionConfigurationPlatforms) = preSolution
		Debug|Any CPU = Debug|Any CPU
		Release|Any CPU = Release|Any CPU
	EndGlobalSection
	GlobalSection(ProjectConfigurationPlatforms) = postSolution
		{7E972624-A1EE-42DA-BD5B-FF90E95EFA3C}.Debug|Any CPU.ActiveCfg = Debug|Any CPU
		{7E972624-A1EE-42DA-BD5B-FF90E95EFA3C}.Debug|Any CPU.Build.0 = Debug|Any CPU
		{7E972624-A1EE-42DA-BD5B-FF90E95EFA3C}.Release|Any CPU.ActiveCfg = Release|Any CPU
		{7E972624-A1EE-42DA-BD5B-FF90E95EFA3C}.Release|Any CPU.Build.0 = Release|Any CPU
	EndGlobalSection
	GlobalSection(SolutionProperties) = preSolution
		HideSolutionNode = FALSE
	EndGlobalSection
	GlobalSection(ExtensibilityGlobals) = postSolution
		SolutionGuid = {4B28B74F-356A-454F-97EA-47A8DB6F6EAA}
	EndGlobalSection
EndGlobal
